// !$*UTF8*$!
{
	archiveVersion = 1;
	classes = {
	};
	objectVersion = 46;
	objects = {

/* Begin PBXBuildFile section */
		DC1B126F1BBDC5CF00D5613F /* Cell.m in Sources */ = {isa = PBXBuildFile; fileRef = DC1B126E1BBDC5CF00D5613F /* Cell.m */; };
		DC1B12791BBF109E00D5613F /* Video.m in Sources */ = {isa = PBXBuildFile; fileRef = DC1B12781BBF109E00D5613F /* Video.m */; };
		DC2251BD1BC8828300FC430F /* MediaLibrary.m in Sources */ = {isa = PBXBuildFile; fileRef = DC2251BC1BC8828300FC430F /* MediaLibrary.m */; };
		DC35E01F1C39EBD8004CE553 /* PasscodeServices.m in Sources */ = {isa = PBXBuildFile; fileRef = DC35E01E1C39EBD8004CE553 /* PasscodeServices.m */; };
		DC57B3F31BCEA823007EB94B /* PlayerView.m in Sources */ = {isa = PBXBuildFile; fileRef = DC57B3F21BCEA823007EB94B /* PlayerView.m */; };
		DC6D03241BC5E92600CA6A5F /* UIImage+Resize.m in Sources */ = {isa = PBXBuildFile; fileRef = DC6D03231BC5E92600CA6A5F /* UIImage+Resize.m */; };
		DC89CCF31BBC6036007970F1 /* PlaybackViewController.m in Sources */ = {isa = PBXBuildFile; fileRef = DC89CCF21BBC6036007970F1 /* PlaybackViewController.m */; };
		DC89CCF61BBC6E61007970F1 /* VideoLibraryViewController.m in Sources */ = {isa = PBXBuildFile; fileRef = DC89CCF51BBC6E61007970F1 /* VideoLibraryViewController.m */; };
		DC8F60A31C3DD287009A1D1A /* WindowedAlertController.m in Sources */ = {isa = PBXBuildFile; fileRef = DC8F60A21C3DD287009A1D1A /* WindowedAlertController.m */; };
		DC8F60AF1C3DF01B009A1D1A /* UIAlertController+PasscodeAlertControllers.m in Sources */ = {isa = PBXBuildFile; fileRef = DC8F60AE1C3DF01B009A1D1A /* UIAlertController+PasscodeAlertControllers.m */; };
		DCBF5EF51BCF05E5004B835E /* Universal.storyboard in Resources */ = {isa = PBXBuildFile; fileRef = DCBF5EF41BCF05E5004B835E /* Universal.storyboard */; };
		DCC9C00D1C3B7FC3005504C8 /* KeychainWrapper.m in Sources */ = {isa = PBXBuildFile; fileRef = DCC9C00C1C3B7FC3005504C8 /* KeychainWrapper.m */; };
		DCF25C551BB3497800BC939B /* main.m in Sources */ = {isa = PBXBuildFile; fileRef = DCF25C541BB3497800BC939B /* main.m */; };
		DCF25C581BB3497800BC939B /* AppDelegate.m in Sources */ = {isa = PBXBuildFile; fileRef = DCF25C571BB3497800BC939B /* AppDelegate.m */; };
		DCF25C601BB3497800BC939B /* Assets.xcassets in Resources */ = {isa = PBXBuildFile; fileRef = DCF25C5F1BB3497800BC939B /* Assets.xcassets */; };
		DCF25C631BB3497800BC939B /* LaunchScreen.storyboard in Resources */ = {isa = PBXBuildFile; fileRef = DCF25C611BB3497800BC939B /* LaunchScreen.storyboard */; };
		DCF25C6E1BB3497800BC939B /* SloMoVideoTests.m in Sources */ = {isa = PBXBuildFile; fileRef = DCF25C6D1BB3497800BC939B /* SloMoVideoTests.m */; };
		DCF25C791BB3497900BC939B /* SloMoVideoUITests.m in Sources */ = {isa = PBXBuildFile; fileRef = DCF25C781BB3497900BC939B /* SloMoVideoUITests.m */; };
		DCF25C881BB34ACE00BC939B /* PreviewView.m in Sources */ = {isa = PBXBuildFile; fileRef = DCF25C871BB34ACE00BC939B /* PreviewView.m */; };
		DCF25C8B1BB352D900BC939B /* CameraViewController.m in Sources */ = {isa = PBXBuildFile; fileRef = DCF25C8A1BB352D900BC939B /* CameraViewController.m */; };
/* End PBXBuildFile section */

/* Begin PBXContainerItemProxy section */
		DCF25C6A1BB3497800BC939B /* PBXContainerItemProxy */ = {
			isa = PBXContainerItemProxy;
			containerPortal = DCF25C481BB3497800BC939B /* Project object */;
			proxyType = 1;
			remoteGlobalIDString = DCF25C4F1BB3497800BC939B;
			remoteInfo = SloMoVideo;
		};
		DCF25C751BB3497900BC939B /* PBXContainerItemProxy */ = {
			isa = PBXContainerItemProxy;
			containerPortal = DCF25C481BB3497800BC939B /* Project object */;
			proxyType = 1;
			remoteGlobalIDString = DCF25C4F1BB3497800BC939B;
			remoteInfo = SloMoVideo;
		};
/* End PBXContainerItemProxy section */

/* Begin PBXFileReference section */
		DC1B126D1BBDC5CF00D5613F /* Cell.h */ = {isa = PBXFileReference; fileEncoding = 4; lastKnownFileType = sourcecode.c.h; path = Cell.h; sourceTree = "<group>"; };
		DC1B126E1BBDC5CF00D5613F /* Cell.m */ = {isa = PBXFileReference; fileEncoding = 4; lastKnownFileType = sourcecode.c.objc; path = Cell.m; sourceTree = "<group>"; };
		DC1B12771BBF109E00D5613F /* Video.h */ = {isa = PBXFileReference; fileEncoding = 4; lastKnownFileType = sourcecode.c.h; path = Video.h; sourceTree = "<group>"; };
		DC1B12781BBF109E00D5613F /* Video.m */ = {isa = PBXFileReference; fileEncoding = 4; lastKnownFileType = sourcecode.c.objc; path = Video.m; sourceTree = "<group>"; };
		DC2251BB1BC8828300FC430F /* MediaLibrary.h */ = {isa = PBXFileReference; fileEncoding = 4; lastKnownFileType = sourcecode.c.h; path = MediaLibrary.h; sourceTree = "<group>"; };
		DC2251BC1BC8828300FC430F /* MediaLibrary.m */ = {isa = PBXFileReference; fileEncoding = 4; lastKnownFileType = sourcecode.c.objc; path = MediaLibrary.m; sourceTree = "<group>"; };
		DC35E01D1C39EBD8004CE553 /* PasscodeServices.h */ = {isa = PBXFileReference; fileEncoding = 4; lastKnownFileType = sourcecode.c.h; path = PasscodeServices.h; sourceTree = "<group>"; };
		DC35E01E1C39EBD8004CE553 /* PasscodeServices.m */ = {isa = PBXFileReference; fileEncoding = 4; lastKnownFileType = sourcecode.c.objc; path = PasscodeServices.m; sourceTree = "<group>"; };
		DC57B3F11BCEA823007EB94B /* PlayerView.h */ = {isa = PBXFileReference; fileEncoding = 4; lastKnownFileType = sourcecode.c.h; path = PlayerView.h; sourceTree = "<group>"; };
		DC57B3F21BCEA823007EB94B /* PlayerView.m */ = {isa = PBXFileReference; fileEncoding = 4; lastKnownFileType = sourcecode.c.objc; path = PlayerView.m; sourceTree = "<group>"; };
		DC6D03221BC5E92600CA6A5F /* UIImage+Resize.h */ = {isa = PBXFileReference; fileEncoding = 4; lastKnownFileType = sourcecode.c.h; path = "UIImage+Resize.h"; sourceTree = "<group>"; };
		DC6D03231BC5E92600CA6A5F /* UIImage+Resize.m */ = {isa = PBXFileReference; fileEncoding = 4; lastKnownFileType = sourcecode.c.objc; path = "UIImage+Resize.m"; sourceTree = "<group>"; };
		DC89CCF11BBC6036007970F1 /* PlaybackViewController.h */ = {isa = PBXFileReference; fileEncoding = 4; lastKnownFileType = sourcecode.c.h; path = PlaybackViewController.h; sourceTree = "<group>"; };
		DC89CCF21BBC6036007970F1 /* PlaybackViewController.m */ = {isa = PBXFileReference; fileEncoding = 4; lastKnownFileType = sourcecode.c.objc; path = PlaybackViewController.m; sourceTree = "<group>"; };
		DC89CCF41BBC6E61007970F1 /* VideoLibraryViewController.h */ = {isa = PBXFileReference; fileEncoding = 4; lastKnownFileType = sourcecode.c.h; path = VideoLibraryViewController.h; sourceTree = "<group>"; };
		DC89CCF51BBC6E61007970F1 /* VideoLibraryViewController.m */ = {isa = PBXFileReference; fileEncoding = 4; lastKnownFileType = sourcecode.c.objc; path = VideoLibraryViewController.m; sourceTree = "<group>"; };
		DC8F60A11C3DD287009A1D1A /* WindowedAlertController.h */ = {isa = PBXFileReference; fileEncoding = 4; lastKnownFileType = sourcecode.c.h; path = WindowedAlertController.h; sourceTree = "<group>"; };
		DC8F60A21C3DD287009A1D1A /* WindowedAlertController.m */ = {isa = PBXFileReference; fileEncoding = 4; lastKnownFileType = sourcecode.c.objc; path = WindowedAlertController.m; sourceTree = "<group>"; };
		DC8F60AD1C3DF01B009A1D1A /* UIAlertController+PasscodeAlertControllers.h */ = {isa = PBXFileReference; fileEncoding = 4; lastKnownFileType = sourcecode.c.h; path = "UIAlertController+PasscodeAlertControllers.h"; sourceTree = "<group>"; };
		DC8F60AE1C3DF01B009A1D1A /* UIAlertController+PasscodeAlertControllers.m */ = {isa = PBXFileReference; fileEncoding = 4; lastKnownFileType = sourcecode.c.objc; path = "UIAlertController+PasscodeAlertControllers.m"; sourceTree = "<group>"; };
		DCBF5EF41BCF05E5004B835E /* Universal.storyboard */ = {isa = PBXFileReference; fileEncoding = 4; lastKnownFileType = file.storyboard; path = Universal.storyboard; sourceTree = "<group>"; };
		DCC9C00B1C3B7FC3005504C8 /* KeychainWrapper.h */ = {isa = PBXFileReference; fileEncoding = 4; lastKnownFileType = sourcecode.c.h; path = KeychainWrapper.h; sourceTree = "<group>"; };
		DCC9C00C1C3B7FC3005504C8 /* KeychainWrapper.m */ = {isa = PBXFileReference; fileEncoding = 4; lastKnownFileType = sourcecode.c.objc; path = KeychainWrapper.m; sourceTree = "<group>"; };
		DCF25C501BB3497800BC939B /* SloMoVideo.app */ = {isa = PBXFileReference; explicitFileType = wrapper.application; includeInIndex = 0; path = SloMoVideo.app; sourceTree = BUILT_PRODUCTS_DIR; };
		DCF25C541BB3497800BC939B /* main.m */ = {isa = PBXFileReference; lastKnownFileType = sourcecode.c.objc; path = main.m; sourceTree = "<group>"; };
		DCF25C561BB3497800BC939B /* AppDelegate.h */ = {isa = PBXFileReference; lastKnownFileType = sourcecode.c.h; path = AppDelegate.h; sourceTree = "<group>"; };
		DCF25C571BB3497800BC939B /* AppDelegate.m */ = {isa = PBXFileReference; lastKnownFileType = sourcecode.c.objc; path = AppDelegate.m; sourceTree = "<group>"; };
		DCF25C5F1BB3497800BC939B /* Assets.xcassets */ = {isa = PBXFileReference; lastKnownFileType = folder.assetcatalog; path = Assets.xcassets; sourceTree = "<group>"; };
		DCF25C621BB3497800BC939B /* Base */ = {isa = PBXFileReference; lastKnownFileType = file.storyboard; name = Base; path = Base.lproj/LaunchScreen.storyboard; sourceTree = "<group>"; };
		DCF25C641BB3497800BC939B /* Info.plist */ = {isa = PBXFileReference; lastKnownFileType = text.plist.xml; path = Info.plist; sourceTree = "<group>"; };
		DCF25C691BB3497800BC939B /* SloMoVideoTests.xctest */ = {isa = PBXFileReference; explicitFileType = wrapper.cfbundle; includeInIndex = 0; path = SloMoVideoTests.xctest; sourceTree = BUILT_PRODUCTS_DIR; };
		DCF25C6D1BB3497800BC939B /* SloMoVideoTests.m */ = {isa = PBXFileReference; lastKnownFileType = sourcecode.c.objc; path = SloMoVideoTests.m; sourceTree = "<group>"; };
		DCF25C6F1BB3497900BC939B /* Info.plist */ = {isa = PBXFileReference; lastKnownFileType = text.plist.xml; path = Info.plist; sourceTree = "<group>"; };
		DCF25C741BB3497900BC939B /* SloMoVideoUITests.xctest */ = {isa = PBXFileReference; explicitFileType = wrapper.cfbundle; includeInIndex = 0; path = SloMoVideoUITests.xctest; sourceTree = BUILT_PRODUCTS_DIR; };
		DCF25C781BB3497900BC939B /* SloMoVideoUITests.m */ = {isa = PBXFileReference; lastKnownFileType = sourcecode.c.objc; path = SloMoVideoUITests.m; sourceTree = "<group>"; };
		DCF25C7A1BB3497900BC939B /* Info.plist */ = {isa = PBXFileReference; lastKnownFileType = text.plist.xml; path = Info.plist; sourceTree = "<group>"; };
		DCF25C861BB34ACE00BC939B /* PreviewView.h */ = {isa = PBXFileReference; fileEncoding = 4; lastKnownFileType = sourcecode.c.h; path = PreviewView.h; sourceTree = "<group>"; };
		DCF25C871BB34ACE00BC939B /* PreviewView.m */ = {isa = PBXFileReference; fileEncoding = 4; lastKnownFileType = sourcecode.c.objc; path = PreviewView.m; sourceTree = "<group>"; };
		DCF25C891BB352D900BC939B /* CameraViewController.h */ = {isa = PBXFileReference; fileEncoding = 4; lastKnownFileType = sourcecode.c.h; path = CameraViewController.h; sourceTree = "<group>"; };
		DCF25C8A1BB352D900BC939B /* CameraViewController.m */ = {isa = PBXFileReference; fileEncoding = 4; lastKnownFileType = sourcecode.c.objc; path = CameraViewController.m; sourceTree = "<group>"; };
/* End PBXFileReference section */

/* Begin PBXFrameworksBuildPhase section */
		DCF25C4D1BB3497800BC939B /* Frameworks */ = {
			isa = PBXFrameworksBuildPhase;
			buildActionMask = 2147483647;
			files = (
			);
			runOnlyForDeploymentPostprocessing = 0;
		};
		DCF25C661BB3497800BC939B /* Frameworks */ = {
			isa = PBXFrameworksBuildPhase;
			buildActionMask = 2147483647;
			files = (
			);
			runOnlyForDeploymentPostprocessing = 0;
		};
		DCF25C711BB3497900BC939B /* Frameworks */ = {
			isa = PBXFrameworksBuildPhase;
			buildActionMask = 2147483647;
			files = (
			);
			runOnlyForDeploymentPostprocessing = 0;
		};
/* End PBXFrameworksBuildPhase section */

/* Begin PBXGroup section */
		DC57B3EA1BCDAE9A007EB94B /* Views */ = {
			isa = PBXGroup;
			children = (
				DCF25C861BB34ACE00BC939B /* PreviewView.h */,
				DCF25C871BB34ACE00BC939B /* PreviewView.m */,
				DC57B3F11BCEA823007EB94B /* PlayerView.h */,
				DC57B3F21BCEA823007EB94B /* PlayerView.m */,
				DC1B126D1BBDC5CF00D5613F /* Cell.h */,
				DC1B126E1BBDC5CF00D5613F /* Cell.m */,
			);
			name = Views;
			sourceTree = "<group>";
		};
		DC57B3EB1BCDAEA4007EB94B /* View Controllers */ = {
			isa = PBXGroup;
			children = (
				DCF25C891BB352D900BC939B /* CameraViewController.h */,
				DCF25C8A1BB352D900BC939B /* CameraViewController.m */,
				DC89CCF41BBC6E61007970F1 /* VideoLibraryViewController.h */,
				DC89CCF51BBC6E61007970F1 /* VideoLibraryViewController.m */,
				DC89CCF11BBC6036007970F1 /* PlaybackViewController.h */,
				DC89CCF21BBC6036007970F1 /* PlaybackViewController.m */,
			);
			name = "View Controllers";
			sourceTree = "<group>";
		};
		DC57B3EC1BCDAF03007EB94B /* Categories */ = {
			isa = PBXGroup;
			children = (
				DC6D03221BC5E92600CA6A5F /* UIImage+Resize.h */,
				DC6D03231BC5E92600CA6A5F /* UIImage+Resize.m */,
				DC8F60AD1C3DF01B009A1D1A /* UIAlertController+PasscodeAlertControllers.h */,
				DC8F60AE1C3DF01B009A1D1A /* UIAlertController+PasscodeAlertControllers.m */,
				DC8F60A11C3DD287009A1D1A /* WindowedAlertController.h */,
				DC8F60A21C3DD287009A1D1A /* WindowedAlertController.m */,
			);
			name = Categories;
			sourceTree = "<group>";
		};
		DC57B3ED1BCDAF91007EB94B /* Other */ = {
			isa = PBXGroup;
			children = (
				DCF25C561BB3497800BC939B /* AppDelegate.h */,
				DCF25C571BB3497800BC939B /* AppDelegate.m */,
				DC35E01D1C39EBD8004CE553 /* PasscodeServices.h */,
				DC35E01E1C39EBD8004CE553 /* PasscodeServices.m */,
				DCC9C00B1C3B7FC3005504C8 /* KeychainWrapper.h */,
				DCC9C00C1C3B7FC3005504C8 /* KeychainWrapper.m */,
			);
			name = Other;
			sourceTree = "<group>";
		};
		DC73537C1BD5C80A0081DA52 /* Models */ = {
			isa = PBXGroup;
			children = (
				DC2251BB1BC8828300FC430F /* MediaLibrary.h */,
				DC2251BC1BC8828300FC430F /* MediaLibrary.m */,
				DC1B12771BBF109E00D5613F /* Video.h */,
				DC1B12781BBF109E00D5613F /* Video.m */,
			);
			name = Models;
			sourceTree = "<group>";
		};
		DCC9C00F1C3B8E0F005504C8 /* Protocols */ = {
			isa = PBXGroup;
			children = (
			);
			name = Protocols;
			sourceTree = "<group>";
		};
		DCF25C471BB3497800BC939B = {
			isa = PBXGroup;
			children = (
				DCF25C521BB3497800BC939B /* SloMoVideo */,
				DCF25C6C1BB3497800BC939B /* SloMoVideoTests */,
				DCF25C771BB3497900BC939B /* SloMoVideoUITests */,
				DCF25C511BB3497800BC939B /* Products */,
			);
			sourceTree = "<group>";
		};
		DCF25C511BB3497800BC939B /* Products */ = {
			isa = PBXGroup;
			children = (
				DCF25C501BB3497800BC939B /* SloMoVideo.app */,
				DCF25C691BB3497800BC939B /* SloMoVideoTests.xctest */,
				DCF25C741BB3497900BC939B /* SloMoVideoUITests.xctest */,
			);
			name = Products;
			sourceTree = "<group>";
		};
		DCF25C521BB3497800BC939B /* SloMoVideo */ = {
			isa = PBXGroup;
			children = (
				DCC9C00F1C3B8E0F005504C8 /* Protocols */,
				DC57B3ED1BCDAF91007EB94B /* Other */,
				DC57B3EA1BCDAE9A007EB94B /* Views */,
				DC57B3EB1BCDAEA4007EB94B /* View Controllers */,
				DC73537C1BD5C80A0081DA52 /* Models */,
				DC57B3EC1BCDAF03007EB94B /* Categories */,
				DCBF5EF41BCF05E5004B835E /* Universal.storyboard */,
				DCF25C5F1BB3497800BC939B /* Assets.xcassets */,
				DCF25C611BB3497800BC939B /* LaunchScreen.storyboard */,
				DCF25C641BB3497800BC939B /* Info.plist */,
				DCF25C531BB3497800BC939B /* Supporting Files */,
			);
			path = SloMoVideo;
			sourceTree = "<group>";
		};
		DCF25C531BB3497800BC939B /* Supporting Files */ = {
			isa = PBXGroup;
			children = (
				DCF25C541BB3497800BC939B /* main.m */,
			);
			name = "Supporting Files";
			sourceTree = "<group>";
		};
		DCF25C6C1BB3497800BC939B /* SloMoVideoTests */ = {
			isa = PBXGroup;
			children = (
				DCF25C6D1BB3497800BC939B /* SloMoVideoTests.m */,
				DCF25C6F1BB3497900BC939B /* Info.plist */,
			);
			path = SloMoVideoTests;
			sourceTree = "<group>";
		};
		DCF25C771BB3497900BC939B /* SloMoVideoUITests */ = {
			isa = PBXGroup;
			children = (
				DCF25C781BB3497900BC939B /* SloMoVideoUITests.m */,
				DCF25C7A1BB3497900BC939B /* Info.plist */,
			);
			path = SloMoVideoUITests;
			sourceTree = "<group>";
		};
/* End PBXGroup section */

/* Begin PBXNativeTarget section */
		DCF25C4F1BB3497800BC939B /* SloMoVideo */ = {
			isa = PBXNativeTarget;
			buildConfigurationList = DCF25C7D1BB3497900BC939B /* Build configuration list for PBXNativeTarget "SloMoVideo" */;
			buildPhases = (
				DCF25C4C1BB3497800BC939B /* Sources */,
				DCF25C4D1BB3497800BC939B /* Frameworks */,
				DCF25C4E1BB3497800BC939B /* Resources */,
			);
			buildRules = (
			);
			dependencies = (
			);
			name = SloMoVideo;
			productName = SloMoVideo;
			productReference = DCF25C501BB3497800BC939B /* SloMoVideo.app */;
			productType = "com.apple.product-type.application";
		};
		DCF25C681BB3497800BC939B /* SloMoVideoTests */ = {
			isa = PBXNativeTarget;
			buildConfigurationList = DCF25C801BB3497900BC939B /* Build configuration list for PBXNativeTarget "SloMoVideoTests" */;
			buildPhases = (
				DCF25C651BB3497800BC939B /* Sources */,
				DCF25C661BB3497800BC939B /* Frameworks */,
				DCF25C671BB3497800BC939B /* Resources */,
			);
			buildRules = (
			);
			dependencies = (
				DCF25C6B1BB3497800BC939B /* PBXTargetDependency */,
			);
			name = SloMoVideoTests;
			productName = SloMoVideoTests;
			productReference = DCF25C691BB3497800BC939B /* SloMoVideoTests.xctest */;
			productType = "com.apple.product-type.bundle.unit-test";
		};
		DCF25C731BB3497900BC939B /* SloMoVideoUITests */ = {
			isa = PBXNativeTarget;
			buildConfigurationList = DCF25C831BB3497900BC939B /* Build configuration list for PBXNativeTarget "SloMoVideoUITests" */;
			buildPhases = (
				DCF25C701BB3497900BC939B /* Sources */,
				DCF25C711BB3497900BC939B /* Frameworks */,
				DCF25C721BB3497900BC939B /* Resources */,
			);
			buildRules = (
			);
			dependencies = (
				DCF25C761BB3497900BC939B /* PBXTargetDependency */,
			);
			name = SloMoVideoUITests;
			productName = SloMoVideoUITests;
			productReference = DCF25C741BB3497900BC939B /* SloMoVideoUITests.xctest */;
			productType = "com.apple.product-type.bundle.ui-testing";
		};
/* End PBXNativeTarget section */

/* Begin PBXProject section */
		DCF25C481BB3497800BC939B /* Project object */ = {
			isa = PBXProject;
			attributes = {
				LastUpgradeCheck = 0700;
				ORGANIZATIONNAME = "Prince Fungus";
				TargetAttributes = {
					DCF25C4F1BB3497800BC939B = {
						CreatedOnToolsVersion = 7.0;
						DevelopmentTeam = LK75LRUFXF;
					};
					DCF25C681BB3497800BC939B = {
						CreatedOnToolsVersion = 7.0;
						DevelopmentTeam = LK75LRUFXF;
						TestTargetID = DCF25C4F1BB3497800BC939B;
					};
					DCF25C731BB3497900BC939B = {
						CreatedOnToolsVersion = 7.0;
						DevelopmentTeam = LK75LRUFXF;
						TestTargetID = DCF25C4F1BB3497800BC939B;
					};
				};
			};
			buildConfigurationList = DCF25C4B1BB3497800BC939B /* Build configuration list for PBXProject "SloMoVideo" */;
			compatibilityVersion = "Xcode 3.2";
			developmentRegion = English;
			hasScannedForEncodings = 0;
			knownRegions = (
				en,
				Base,
			);
			mainGroup = DCF25C471BB3497800BC939B;
			productRefGroup = DCF25C511BB3497800BC939B /* Products */;
			projectDirPath = "";
			projectRoot = "";
			targets = (
				DCF25C4F1BB3497800BC939B /* SloMoVideo */,
				DCF25C681BB3497800BC939B /* SloMoVideoTests */,
				DCF25C731BB3497900BC939B /* SloMoVideoUITests */,
			);
		};
/* End PBXProject section */

/* Begin PBXResourcesBuildPhase section */
		DCF25C4E1BB3497800BC939B /* Resources */ = {
			isa = PBXResourcesBuildPhase;
			buildActionMask = 2147483647;
			files = (
				DCBF5EF51BCF05E5004B835E /* Universal.storyboard in Resources */,
				DCF25C631BB3497800BC939B /* LaunchScreen.storyboard in Resources */,
				DCF25C601BB3497800BC939B /* Assets.xcassets in Resources */,
			);
			runOnlyForDeploymentPostprocessing = 0;
		};
		DCF25C671BB3497800BC939B /* Resources */ = {
			isa = PBXResourcesBuildPhase;
			buildActionMask = 2147483647;
			files = (
			);
			runOnlyForDeploymentPostprocessing = 0;
		};
		DCF25C721BB3497900BC939B /* Resources */ = {
			isa = PBXResourcesBuildPhase;
			buildActionMask = 2147483647;
			files = (
			);
			runOnlyForDeploymentPostprocessing = 0;
		};
/* End PBXResourcesBuildPhase section */

/* Begin PBXSourcesBuildPhase section */
		DCF25C4C1BB3497800BC939B /* Sources */ = {
			isa = PBXSourcesBuildPhase;
			buildActionMask = 2147483647;
			files = (
				DC57B3F31BCEA823007EB94B /* PlayerView.m in Sources */,
				DC35E01F1C39EBD8004CE553 /* PasscodeServices.m in Sources */,
				DC89CCF61BBC6E61007970F1 /* VideoLibraryViewController.m in Sources */,
				DCF25C581BB3497800BC939B /* AppDelegate.m in Sources */,
				DC89CCF31BBC6036007970F1 /* PlaybackViewController.m in Sources */,
				DC1B12791BBF109E00D5613F /* Video.m in Sources */,
				DCF25C8B1BB352D900BC939B /* CameraViewController.m in Sources */,
				DCF25C881BB34ACE00BC939B /* PreviewView.m in Sources */,
				DCF25C551BB3497800BC939B /* main.m in Sources */,
				DC1B126F1BBDC5CF00D5613F /* Cell.m in Sources */,
				DC6D03241BC5E92600CA6A5F /* UIImage+Resize.m in Sources */,
				DCC9C00D1C3B7FC3005504C8 /* KeychainWrapper.m in Sources */,
				DC2251BD1BC8828300FC430F /* MediaLibrary.m in Sources */,
				DC8F60A31C3DD287009A1D1A /* WindowedAlertController.m in Sources */,
				DC8F60AF1C3DF01B009A1D1A /* UIAlertController+PasscodeAlertControllers.m in Sources */,
			);
			runOnlyForDeploymentPostprocessing = 0;
		};
		DCF25C651BB3497800BC939B /* Sources */ = {
			isa = PBXSourcesBuildPhase;
			buildActionMask = 2147483647;
			files = (
				DCF25C6E1BB3497800BC939B /* SloMoVideoTests.m in Sources */,
			);
			runOnlyForDeploymentPostprocessing = 0;
		};
		DCF25C701BB3497900BC939B /* Sources */ = {
			isa = PBXSourcesBuildPhase;
			buildActionMask = 2147483647;
			files = (
				DCF25C791BB3497900BC939B /* SloMoVideoUITests.m in Sources */,
			);
			runOnlyForDeploymentPostprocessing = 0;
		};
/* End PBXSourcesBuildPhase section */

/* Begin PBXTargetDependency section */
		DCF25C6B1BB3497800BC939B /* PBXTargetDependency */ = {
			isa = PBXTargetDependency;
			target = DCF25C4F1BB3497800BC939B /* SloMoVideo */;
			targetProxy = DCF25C6A1BB3497800BC939B /* PBXContainerItemProxy */;
		};
		DCF25C761BB3497900BC939B /* PBXTargetDependency */ = {
			isa = PBXTargetDependency;
			target = DCF25C4F1BB3497800BC939B /* SloMoVideo */;
			targetProxy = DCF25C751BB3497900BC939B /* PBXContainerItemProxy */;
		};
/* End PBXTargetDependency section */

/* Begin PBXVariantGroup section */
		DCF25C611BB3497800BC939B /* LaunchScreen.storyboard */ = {
			isa = PBXVariantGroup;
			children = (
				DCF25C621BB3497800BC939B /* Base */,
			);
			name = LaunchScreen.storyboard;
			sourceTree = "<group>";
		};
/* End PBXVariantGroup section */

/* Begin XCBuildConfiguration section */
		DCF25C7B1BB3497900BC939B /* Debug */ = {
			isa = XCBuildConfiguration;
			buildSettings = {
				ALWAYS_SEARCH_USER_PATHS = NO;
				CLANG_CXX_LANGUAGE_STANDARD = "gnu++0x";
				CLANG_CXX_LIBRARY = "libc++";
				CLANG_ENABLE_MODULES = YES;
				CLANG_ENABLE_OBJC_ARC = YES;
				CLANG_WARN_BOOL_CONVERSION = YES;
				CLANG_WARN_CONSTANT_CONVERSION = YES;
				CLANG_WARN_DIRECT_OBJC_ISA_USAGE = YES_ERROR;
				CLANG_WARN_EMPTY_BODY = YES;
				CLANG_WARN_ENUM_CONVERSION = YES;
				CLANG_WARN_INT_CONVERSION = YES;
				CLANG_WARN_OBJC_ROOT_CLASS = YES_ERROR;
				CLANG_WARN_UNREACHABLE_CODE = YES;
				CLANG_WARN__DUPLICATE_METHOD_MATCH = YES;
				"CODE_SIGN_IDENTITY[sdk=iphoneos*]" = "iPhone Developer";
				COPY_PHASE_STRIP = NO;
				DEBUG_INFORMATION_FORMAT = dwarf;
				ENABLE_STRICT_OBJC_MSGSEND = YES;
				ENABLE_TESTABILITY = YES;
				GCC_C_LANGUAGE_STANDARD = gnu99;
				GCC_DYNAMIC_NO_PIC = NO;
				GCC_NO_COMMON_BLOCKS = YES;
				GCC_OPTIMIZATION_LEVEL = fast;
				GCC_PREPROCESSOR_DEFINITIONS = (
					"DEBUG=1",
					"$(inherited)",
				);
				GCC_WARN_64_TO_32_BIT_CONVERSION = YES;
				GCC_WARN_ABOUT_RETURN_TYPE = YES_ERROR;
				GCC_WARN_UNDECLARED_SELECTOR = YES;
				GCC_WARN_UNINITIALIZED_AUTOS = YES_AGGRESSIVE;
				GCC_WARN_UNUSED_FUNCTION = YES;
				GCC_WARN_UNUSED_VARIABLE = YES;
				IPHONEOS_DEPLOYMENT_TARGET = 9.0;
				MTL_ENABLE_DEBUG_INFO = YES;
				ONLY_ACTIVE_ARCH = YES;
				SDKROOT = iphoneos;
			};
			name = Debug;
		};
		DCF25C7C1BB3497900BC939B /* Release */ = {
			isa = XCBuildConfiguration;
			buildSettings = {
				ALWAYS_SEARCH_USER_PATHS = NO;
				CLANG_CXX_LANGUAGE_STANDARD = "gnu++0x";
				CLANG_CXX_LIBRARY = "libc++";
				CLANG_ENABLE_MODULES = YES;
				CLANG_ENABLE_OBJC_ARC = YES;
				CLANG_WARN_BOOL_CONVERSION = YES;
				CLANG_WARN_CONSTANT_CONVERSION = YES;
				CLANG_WARN_DIRECT_OBJC_ISA_USAGE = YES_ERROR;
				CLANG_WARN_EMPTY_BODY = YES;
				CLANG_WARN_ENUM_CONVERSION = YES;
				CLANG_WARN_INT_CONVERSION = YES;
				CLANG_WARN_OBJC_ROOT_CLASS = YES_ERROR;
				CLANG_WARN_UNREACHABLE_CODE = YES;
				CLANG_WARN__DUPLICATE_METHOD_MATCH = YES;
				"CODE_SIGN_IDENTITY[sdk=iphoneos*]" = "iPhone Developer";
				COPY_PHASE_STRIP = NO;
				DEBUG_INFORMATION_FORMAT = "dwarf-with-dsym";
				ENABLE_NS_ASSERTIONS = NO;
				ENABLE_STRICT_OBJC_MSGSEND = YES;
				GCC_C_LANGUAGE_STANDARD = gnu99;
				GCC_NO_COMMON_BLOCKS = YES;
				GCC_WARN_64_TO_32_BIT_CONVERSION = YES;
				GCC_WARN_ABOUT_RETURN_TYPE = YES_ERROR;
				GCC_WARN_UNDECLARED_SELECTOR = YES;
				GCC_WARN_UNINITIALIZED_AUTOS = YES_AGGRESSIVE;
				GCC_WARN_UNUSED_FUNCTION = YES;
				GCC_WARN_UNUSED_VARIABLE = YES;
				IPHONEOS_DEPLOYMENT_TARGET = 9.0;
				MTL_ENABLE_DEBUG_INFO = NO;
				SDKROOT = iphoneos;
				VALIDATE_PRODUCT = YES;
			};
			name = Release;
		};
		DCF25C7E1BB3497900BC939B /* Debug */ = {
			isa = XCBuildConfiguration;
			buildSettings = {
				ASSETCATALOG_COMPILER_APPICON_NAME = AppIcon;
				CODE_SIGN_IDENTITY = "iPhone Developer";
				GCC_OPTIMIZATION_LEVEL = 0;
				INFOPLIST_FILE = SloMoVideo/Info.plist;
				LD_RUNPATH_SEARCH_PATHS = "$(inherited) @executable_path/Frameworks";
				PRODUCT_BUNDLE_IDENTIFIER = com.princefungus.SloMoVideo;
				PRODUCT_NAME = "$(TARGET_NAME)";
				TARGETED_DEVICE_FAMILY = "1,2";
			};
			name = Debug;
		};
		DCF25C7F1BB3497900BC939B /* Release */ = {
			isa = XCBuildConfiguration;
			buildSettings = {
				ASSETCATALOG_COMPILER_APPICON_NAME = AppIcon;
				CODE_SIGN_IDENTITY = "iPhone Developer";
				GCC_OPTIMIZATION_LEVEL = 0;
				INFOPLIST_FILE = SloMoVideo/Info.plist;
				LD_RUNPATH_SEARCH_PATHS = "$(inherited) @executable_path/Frameworks";
				PRODUCT_BUNDLE_IDENTIFIER = com.princefungus.SloMoVideo;
				PRODUCT_NAME = "$(TARGET_NAME)";
				TARGETED_DEVICE_FAMILY = "1,2";
			};
			name = Release;
		};
		DCF25C811BB3497900BC939B /* Debug */ = {
			isa = XCBuildConfiguration;
			buildSettings = {
				BUNDLE_LOADER = "$(TEST_HOST)";
				INFOPLIST_FILE = SloMoVideoTests/Info.plist;
				LD_RUNPATH_SEARCH_PATHS = "$(inherited) @executable_path/Frameworks @loader_path/Frameworks";
				PRODUCT_BUNDLE_IDENTIFIER = com.princefungus.SloMoVideoTests;
				PRODUCT_NAME = "$(TARGET_NAME)";
				TEST_HOST = "$(BUILT_PRODUCTS_DIR)/SloMoVideo.app/SloMoVideo";
			};
			name = Debug;
		};
		DCF25C821BB3497900BC939B /* Release */ = {
			isa = XCBuildConfiguration;
			buildSettings = {
				BUNDLE_LOADER = "$(TEST_HOST)";
				INFOPLIST_FILE = SloMoVideoTests/Info.plist;
				LD_RUNPATH_SEARCH_PATHS = "$(inherited) @executable_path/Frameworks @loader_path/Frameworks";
				PRODUCT_BUNDLE_IDENTIFIER = com.princefungus.SloMoVideoTests;
				PRODUCT_NAME = "$(TARGET_NAME)";
				TEST_HOST = "$(BUILT_PRODUCTS_DIR)/SloMoVideo.app/SloMoVideo";
			};
			name = Release;
		};
		DCF25C841BB3497900BC939B /* Debug */ = {
			isa = XCBuildConfiguration;
			buildSettings = {
				INFOPLIST_FILE = SloMoVideoUITests/Info.plist;
				LD_RUNPATH_SEARCH_PATHS = "$(inherited) @executable_path/Frameworks @loader_path/Frameworks";
				PRODUCT_BUNDLE_IDENTIFIER = com.princefungus.SloMoVideoUITests;
				PRODUCT_NAME = "$(TARGET_NAME)";
				TEST_TARGET_NAME = SloMoVideo;
				USES_XCTRUNNER = YES;
			};
			name = Debug;
		};
		DCF25C851BB3497900BC939B /* Release */ = {
			isa = XCBuildConfiguration;
			buildSettings = {
				INFOPLIST_FILE = SloMoVideoUITests/Info.plist;
				LD_RUNPATH_SEARCH_PATHS = "$(inherited) @executable_path/Frameworks @loader_path/Frameworks";
				PRODUCT_BUNDLE_IDENTIFIER = com.princefungus.SloMoVideoUITests;
				PRODUCT_NAME = "$(TARGET_NAME)";
				TEST_TARGET_NAME = SloMoVideo;
				USES_XCTRUNNER = YES;
			};
			name = Release;
		};
/* End XCBuildConfiguration section */

/* Begin XCConfigurationList section */
		DCF25C4B1BB3497800BC939B /* Build configuration list for PBXProject "SloMoVideo" */ = {
			isa = XCConfigurationList;
			buildConfigurations = (
				DCF25C7B1BB3497900BC939B /* Debug */,
				DCF25C7C1BB3497900BC939B /* Release */,
			);
			defaultConfigurationIsVisible = 0;
			defaultConfigurationName = Release;
		};
		DCF25C7D1BB3497900BC939B /* Build configuration list for PBXNativeTarget "SloMoVideo" */ = {
			isa = XCConfigurationList;
			buildConfigurations = (
				DCF25C7E1BB3497900BC939B /* Debug */,
				DCF25C7F1BB3497900BC939B /* Release */,
			);
			defaultConfigurationIsVisible = 0;
			defaultConfigurationName = Release;
		};
		DCF25C801BB3497900BC939B /* Build configuration list for PBXNativeTarget "SloMoVideoTests" */ = {
			isa = XCConfigurationList;
			buildConfigurations = (
				DCF25C811BB3497900BC939B /* Debug */,
				DCF25C821BB3497900BC939B /* Release */,
			);
			defaultConfigurationIsVisible = 0;
			defaultConfigurationName = Release;
		};
		DCF25C831BB3497900BC939B /* Build configuration list for PBXNativeTarget "SloMoVideoUITests" */ = {
			isa = XCConfigurationList;
			buildConfigurations = (
				DCF25C841BB3497900BC939B /* Debug */,
				DCF25C851BB3497900BC939B /* Release */,
			);
			defaultConfigurationIsVisible = 0;
			defaultConfigurationName = Release;
		};
/* End XCConfigurationList section */
	};
	rootObject = DCF25C481BB3497800BC939B /* Project object */;
}
